
Microsoft Visual Studio Solution File, Format Version 12.00
# Visual Studio Version 17
VisualStudioVersion = 17.13.35931.197 d17.13
MinimumVisualStudioVersion = 10.0.40219.1
Project("{FAE04EC0-301F-11D3-BF4B-00C04F79EFBC}") = "OceanicDesktop", "OceanicDesktop\OceanicDesktop.csproj", "{0ACAFC78-34B0-4BD4-B505-0609882A6305}"
EndProject
Global
	GlobalSection(SolutionConfigurationPlatforms) = preSolution
		Debug|Any CPU = Debug|Any CPU
		Release|Any CPU = Release|Any CPU
	EndGlobalSection
	GlobalSection(ProjectConfigurationPlatforms) = postSolution
		{0ACAFC78-34B0-4BD4-B505-0609882A6305}.Debug|Any CPU.ActiveCfg = Debug|Any CPU
		{0ACAFC78-34B0-4BD4-B505-0609882A6305}.Debug|Any CPU.Build.0 = Debug|Any CPU
		{0ACAFC78-34B0-4BD4-B505-0609882A6305}.Release|Any CPU.ActiveCfg = Release|Any CPU
		{0ACAFC78-34B0-4BD4-B505-0609882A6305}.Release|Any CPU.Build.0 = Release|Any CPU
	EndGlobalSection
	GlobalSection(SolutionProperties) = preSolution
		HideSolutionNode = FALSE
	EndGlobalSection
	GlobalSection(ExtensibilityGlobals) = postSolution
		SolutionGuid = {8BA64A17-B293-49E0-A485-C67F7DB277B4}
	EndGlobalSection
EndGlobal
